
Microsoft Visual Studio Solution File, Format Version 12.00
# Visual Studio Version 16
VisualStudioVersion = 16.0.31410.357
MinimumVisualStudioVersion = 10.0.40219.1
Project("{FAE04EC0-301F-11D3-BF4B-00C04F79EFBC}") = "WebApiTrabajoFinal2021", "WebApiTrabajoFinal2021\WebApiTrabajoFinal2021.csproj", "{48569A19-3123-47E3-A1C8-20A7A467D26A}"
EndProject
Global
	GlobalSection(SolutionConfigurationPlatforms) = preSolution
		Debug|Any CPU = Debug|Any CPU
		Release|Any CPU = Release|Any CPU
	EndGlobalSection
	GlobalSection(ProjectConfigurationPlatforms) = postSolution
		{48569A19-3123-47E3-A1C8-20A7A467D26A}.Debug|Any CPU.ActiveCfg = Debug|Any CPU
		{48569A19-3123-47E3-A1C8-20A7A467D26A}.Debug|Any CPU.Build.0 = Debug|Any CPU
		{48569A19-3123-47E3-A1C8-20A7A467D26A}.Release|Any CPU.ActiveCfg = Release|Any CPU
		{48569A19-3123-47E3-A1C8-20A7A467D26A}.Release|Any CPU.Build.0 = Release|Any CPU
	EndGlobalSection
	GlobalSection(SolutionProperties) = preSolution
		HideSolutionNode = FALSE
	EndGlobalSection
	GlobalSection(ExtensibilityGlobals) = postSolution
		SolutionGuid = {90D5617F-234F-4845-B268-C91A5EA6658F}
	EndGlobalSection
EndGlobal
